// !$*UTF8*$!
{
	archiveVersion = 1;
	classes = {
	};
	objectVersion = 51;
	objects = {

/* Begin PBXBuildFile section */
		3EAD1BEA6334612372442DE8 /* Pods_TentBearTaskTests.framework in Frameworks */ = {isa = PBXBuildFile; fileRef = EB0D2B492EF305AC6DE5CD29 /* Pods_TentBearTaskTests.framework */; };
		68978A5223C9BD6B009FBE36 /* DetailsRouter.swift in Sources */ = {isa = PBXBuildFile; fileRef = 68978A5123C9BD6B009FBE36 /* DetailsRouter.swift */; };
		68978A5523C9C4B1009FBE36 /* TableViewCell.swift in Sources */ = {isa = PBXBuildFile; fileRef = 68978A5423C9C4B1009FBE36 /* TableViewCell.swift */; };
		68C50D0023C7236F004C08FA /* DetailsPresenter.swift in Sources */ = {isa = PBXBuildFile; fileRef = 68C50CFA23C7236F004C08FA /* DetailsPresenter.swift */; };
		68C50D0423C7236F004C08FA /* DetailsViewController.swift in Sources */ = {isa = PBXBuildFile; fileRef = 68C50CFE23C7236F004C08FA /* DetailsViewController.swift */; };
		68C50D0523C7236F004C08FA /* DetailsInteractor.swift in Sources */ = {isa = PBXBuildFile; fileRef = 68C50CFF23C7236F004C08FA /* DetailsInteractor.swift */; };
		68DCB9A823C6D67300D348D9 /* AppDelegate.swift in Sources */ = {isa = PBXBuildFile; fileRef = 68DCB9A723C6D67300D348D9 /* AppDelegate.swift */; };
		68DCB9AA23C6D67300D348D9 /* SceneDelegate.swift in Sources */ = {isa = PBXBuildFile; fileRef = 68DCB9A923C6D67300D348D9 /* SceneDelegate.swift */; };
		68DCB9AF23C6D67300D348D9 /* Main.storyboard in Resources */ = {isa = PBXBuildFile; fileRef = 68DCB9AD23C6D67300D348D9 /* Main.storyboard */; };
		68DCB9B223C6D67300D348D9 /* TentBearTask.xcdatamodeld in Sources */ = {isa = PBXBuildFile; fileRef = 68DCB9B023C6D67300D348D9 /* TentBearTask.xcdatamodeld */; };
		68DCB9B423C6D67300D348D9 /* Assets.xcassets in Resources */ = {isa = PBXBuildFile; fileRef = 68DCB9B323C6D67300D348D9 /* Assets.xcassets */; };
		68DCB9B723C6D67300D348D9 /* LaunchScreen.storyboard in Resources */ = {isa = PBXBuildFile; fileRef = 68DCB9B523C6D67300D348D9 /* LaunchScreen.storyboard */; };
		68DCB9C223C6D67300D348D9 /* TentBearTaskTests.swift in Sources */ = {isa = PBXBuildFile; fileRef = 68DCB9C123C6D67300D348D9 /* TentBearTaskTests.swift */; };
		68DCB9CD23C6D67300D348D9 /* TentBearTaskUITests.swift in Sources */ = {isa = PBXBuildFile; fileRef = 68DCB9CC23C6D67300D348D9 /* TentBearTaskUITests.swift */; };
		68DCB9DE23C6D9E900D348D9 /* RequestUtilty.swift in Sources */ = {isa = PBXBuildFile; fileRef = 68DCB9DB23C6D9E900D348D9 /* RequestUtilty.swift */; };
		68DCB9DF23C6D9E900D348D9 /* RequestService.swift in Sources */ = {isa = PBXBuildFile; fileRef = 68DCB9DC23C6D9E900D348D9 /* RequestService.swift */; };
		68DCB9E023C6D9E900D348D9 /* APIClient.swift in Sources */ = {isa = PBXBuildFile; fileRef = 68DCB9DD23C6D9E900D348D9 /* APIClient.swift */; };
		68DCB9EC23C6DB0600D348D9 /* HomePresenter.swift in Sources */ = {isa = PBXBuildFile; fileRef = 68DCB9E623C6DB0600D348D9 /* HomePresenter.swift */; };
		68DCB9ED23C6DB0600D348D9 /* HomeWorker.swift in Sources */ = {isa = PBXBuildFile; fileRef = 68DCB9E723C6DB0600D348D9 /* HomeWorker.swift */; };
		68DCB9EE23C6DB0600D348D9 /* HomeRouter.swift in Sources */ = {isa = PBXBuildFile; fileRef = 68DCB9E823C6DB0600D348D9 /* HomeRouter.swift */; };
		68DCB9EF23C6DB0600D348D9 /* HomeModels.swift in Sources */ = {isa = PBXBuildFile; fileRef = 68DCB9E923C6DB0600D348D9 /* HomeModels.swift */; };
		68DCB9F023C6DB0600D348D9 /* HomeViewController.swift in Sources */ = {isa = PBXBuildFile; fileRef = 68DCB9EA23C6DB0600D348D9 /* HomeViewController.swift */; };
		68DCB9F123C6DB0600D348D9 /* HomeInteractor.swift in Sources */ = {isa = PBXBuildFile; fileRef = 68DCB9EB23C6DB0600D348D9 /* HomeInteractor.swift */; };
		68DCB9F323C6FB3200D348D9 /* Loader.swift in Sources */ = {isa = PBXBuildFile; fileRef = 68DCB9F223C6FB3200D348D9 /* Loader.swift */; };
		68E1AD0323C7491800B17B28 /* User+CoreDataProperties.swift in Sources */ = {isa = PBXBuildFile; fileRef = 68E1AD0123C7491800B17B28 /* User+CoreDataProperties.swift */; };
		68E1AD0423C7491800B17B28 /* User+CoreDataClass.swift in Sources */ = {isa = PBXBuildFile; fileRef = 68E1AD0223C7491800B17B28 /* User+CoreDataClass.swift */; };
		697A14CBFE0FC65580797DF1 /* Pods_TentBearTask.framework in Frameworks */ = {isa = PBXBuildFile; fileRef = 25D1EDBD14AB1683394D5E49 /* Pods_TentBearTask.framework */; };
		6F943ADB4980B41414DED473 /* Pods_TentBearTask_TentBearTaskUITests.framework in Frameworks */ = {isa = PBXBuildFile; fileRef = 59E26188907189A68CC32CA2 /* Pods_TentBearTask_TentBearTaskUITests.framework */; };
/* End PBXBuildFile section */

/* Begin PBXContainerItemProxy section */
		68DCB9BE23C6D67300D348D9 /* PBXContainerItemProxy */ = {
			isa = PBXContainerItemProxy;
			containerPortal = 68DCB99C23C6D67300D348D9 /* Project object */;
			proxyType = 1;
			remoteGlobalIDString = 68DCB9A323C6D67300D348D9;
			remoteInfo = TentBearTask;
		};
		68DCB9C923C6D67300D348D9 /* PBXContainerItemProxy */ = {
			isa = PBXContainerItemProxy;
			containerPortal = 68DCB99C23C6D67300D348D9 /* Project object */;
			proxyType = 1;
			remoteGlobalIDString = 68DCB9A323C6D67300D348D9;
			remoteInfo = TentBearTask;
		};
/* End PBXContainerItemProxy section */

/* Begin PBXFileReference section */
		1BDCADF5B7D7953D4C96E119 /* Pods-TentBearTaskTests.debug.xcconfig */ = {isa = PBXFileReference; includeInIndex = 1; lastKnownFileType = text.xcconfig; name = "Pods-TentBearTaskTests.debug.xcconfig"; path = "Target Support Files/Pods-TentBearTaskTests/Pods-TentBearTaskTests.debug.xcconfig"; sourceTree = "<group>"; };
		25D1EDBD14AB1683394D5E49 /* Pods_TentBearTask.framework */ = {isa = PBXFileReference; explicitFileType = wrapper.framework; includeInIndex = 0; path = Pods_TentBearTask.framework; sourceTree = BUILT_PRODUCTS_DIR; };
		3CF5F55BDF33C358CCCC31C2 /* Pods-TentBearTask.release.xcconfig */ = {isa = PBXFileReference; includeInIndex = 1; lastKnownFileType = text.xcconfig; name = "Pods-TentBearTask.release.xcconfig"; path = "Target Support Files/Pods-TentBearTask/Pods-TentBearTask.release.xcconfig"; sourceTree = "<group>"; };
		59E26188907189A68CC32CA2 /* Pods_TentBearTask_TentBearTaskUITests.framework */ = {isa = PBXFileReference; explicitFileType = wrapper.framework; includeInIndex = 0; path = Pods_TentBearTask_TentBearTaskUITests.framework; sourceTree = BUILT_PRODUCTS_DIR; };
		648BBFAAF360017E0D16D1EC /* Pods-TentBearTask-TentBearTaskUITests.release.xcconfig */ = {isa = PBXFileReference; includeInIndex = 1; lastKnownFileType = text.xcconfig; name = "Pods-TentBearTask-TentBearTaskUITests.release.xcconfig"; path = "Target Support Files/Pods-TentBearTask-TentBearTaskUITests/Pods-TentBearTask-TentBearTaskUITests.release.xcconfig"; sourceTree = "<group>"; };
		68978A5123C9BD6B009FBE36 /* DetailsRouter.swift */ = {isa = PBXFileReference; fileEncoding = 4; lastKnownFileType = sourcecode.swift; path = DetailsRouter.swift; sourceTree = "<group>"; };
		68978A5423C9C4B1009FBE36 /* TableViewCell.swift */ = {isa = PBXFileReference; lastKnownFileType = sourcecode.swift; path = TableViewCell.swift; sourceTree = "<group>"; };
		68C50CFA23C7236F004C08FA /* DetailsPresenter.swift */ = {isa = PBXFileReference; lastKnownFileType = sourcecode.swift; path = DetailsPresenter.swift; sourceTree = "<group>"; };
		68C50CFE23C7236F004C08FA /* DetailsViewController.swift */ = {isa = PBXFileReference; lastKnownFileType = sourcecode.swift; path = DetailsViewController.swift; sourceTree = "<group>"; };
		68C50CFF23C7236F004C08FA /* DetailsInteractor.swift */ = {isa = PBXFileReference; lastKnownFileType = sourcecode.swift; path = DetailsInteractor.swift; sourceTree = "<group>"; };
		68DCB9A423C6D67300D348D9 /* TentBearTask.app */ = {isa = PBXFileReference; explicitFileType = wrapper.application; includeInIndex = 0; path = TentBearTask.app; sourceTree = BUILT_PRODUCTS_DIR; };
		68DCB9A723C6D67300D348D9 /* AppDelegate.swift */ = {isa = PBXFileReference; lastKnownFileType = sourcecode.swift; path = AppDelegate.swift; sourceTree = "<group>"; };
		68DCB9A923C6D67300D348D9 /* SceneDelegate.swift */ = {isa = PBXFileReference; lastKnownFileType = sourcecode.swift; path = SceneDelegate.swift; sourceTree = "<group>"; };
		68DCB9AE23C6D67300D348D9 /* Base */ = {isa = PBXFileReference; lastKnownFileType = file.storyboard; name = Base; path = Base.lproj/Main.storyboard; sourceTree = "<group>"; };
		68DCB9B123C6D67300D348D9 /* TentBearTask.xcdatamodel */ = {isa = PBXFileReference; lastKnownFileType = wrapper.xcdatamodel; path = TentBearTask.xcdatamodel; sourceTree = "<group>"; };
		68DCB9B323C6D67300D348D9 /* Assets.xcassets */ = {isa = PBXFileReference; lastKnownFileType = folder.assetcatalog; path = Assets.xcassets; sourceTree = "<group>"; };
		68DCB9B623C6D67300D348D9 /* Base */ = {isa = PBXFileReference; lastKnownFileType = file.storyboard; name = Base; path = Base.lproj/LaunchScreen.storyboard; sourceTree = "<group>"; };
		68DCB9B823C6D67300D348D9 /* Info.plist */ = {isa = PBXFileReference; lastKnownFileType = text.plist.xml; path = Info.plist; sourceTree = "<group>"; };
		68DCB9BD23C6D67300D348D9 /* TentBearTaskTests.xctest */ = {isa = PBXFileReference; explicitFileType = wrapper.cfbundle; includeInIndex = 0; path = TentBearTaskTests.xctest; sourceTree = BUILT_PRODUCTS_DIR; };
		68DCB9C123C6D67300D348D9 /* TentBearTaskTests.swift */ = {isa = PBXFileReference; lastKnownFileType = sourcecode.swift; path = TentBearTaskTests.swift; sourceTree = "<group>"; };
		68DCB9C323C6D67300D348D9 /* Info.plist */ = {isa = PBXFileReference; lastKnownFileType = text.plist.xml; path = Info.plist; sourceTree = "<group>"; };
		68DCB9C823C6D67300D348D9 /* TentBearTaskUITests.xctest */ = {isa = PBXFileReference; explicitFileType = wrapper.cfbundle; includeInIndex = 0; path = TentBearTaskUITests.xctest; sourceTree = BUILT_PRODUCTS_DIR; };
		68DCB9CC23C6D67300D348D9 /* TentBearTaskUITests.swift */ = {isa = PBXFileReference; lastKnownFileType = sourcecode.swift; path = TentBearTaskUITests.swift; sourceTree = "<group>"; };
		68DCB9CE23C6D67300D348D9 /* Info.plist */ = {isa = PBXFileReference; lastKnownFileType = text.plist.xml; path = Info.plist; sourceTree = "<group>"; };
		68DCB9DB23C6D9E900D348D9 /* RequestUtilty.swift */ = {isa = PBXFileReference; fileEncoding = 4; lastKnownFileType = sourcecode.swift; path = RequestUtilty.swift; sourceTree = "<group>"; };
		68DCB9DC23C6D9E900D348D9 /* RequestService.swift */ = {isa = PBXFileReference; fileEncoding = 4; lastKnownFileType = sourcecode.swift; path = RequestService.swift; sourceTree = "<group>"; };
		68DCB9DD23C6D9E900D348D9 /* APIClient.swift */ = {isa = PBXFileReference; fileEncoding = 4; lastKnownFileType = sourcecode.swift; path = APIClient.swift; sourceTree = "<group>"; };
		68DCB9E623C6DB0600D348D9 /* HomePresenter.swift */ = {isa = PBXFileReference; lastKnownFileType = sourcecode.swift; path = HomePresenter.swift; sourceTree = "<group>"; };
		68DCB9E723C6DB0600D348D9 /* HomeWorker.swift */ = {isa = PBXFileReference; lastKnownFileType = sourcecode.swift; path = HomeWorker.swift; sourceTree = "<group>"; };
		68DCB9E823C6DB0600D348D9 /* HomeRouter.swift */ = {isa = PBXFileReference; lastKnownFileType = sourcecode.swift; path = HomeRouter.swift; sourceTree = "<group>"; };
		68DCB9E923C6DB0600D348D9 /* HomeModels.swift */ = {isa = PBXFileReference; lastKnownFileType = sourcecode.swift; path = HomeModels.swift; sourceTree = "<group>"; };
		68DCB9EA23C6DB0600D348D9 /* HomeViewController.swift */ = {isa = PBXFileReference; lastKnownFileType = sourcecode.swift; path = HomeViewController.swift; sourceTree = "<group>"; };
		68DCB9EB23C6DB0600D348D9 /* HomeInteractor.swift */ = {isa = PBXFileReference; lastKnownFileType = sourcecode.swift; path = HomeInteractor.swift; sourceTree = "<group>"; };
		68DCB9F223C6FB3200D348D9 /* Loader.swift */ = {isa = PBXFileReference; fileEncoding = 4; lastKnownFileType = sourcecode.swift; path = Loader.swift; sourceTree = "<group>"; };
		68E1AD0123C7491800B17B28 /* User+CoreDataProperties.swift */ = {isa = PBXFileReference; fileEncoding = 4; lastKnownFileType = sourcecode.swift; path = "User+CoreDataProperties.swift"; sourceTree = "<group>"; };
		68E1AD0223C7491800B17B28 /* User+CoreDataClass.swift */ = {isa = PBXFileReference; fileEncoding = 4; lastKnownFileType = sourcecode.swift; path = "User+CoreDataClass.swift"; sourceTree = "<group>"; };
		B35E686B07DA821888B0D918 /* Pods-TentBearTaskTests.release.xcconfig */ = {isa = PBXFileReference; includeInIndex = 1; lastKnownFileType = text.xcconfig; name = "Pods-TentBearTaskTests.release.xcconfig"; path = "Target Support Files/Pods-TentBearTaskTests/Pods-TentBearTaskTests.release.xcconfig"; sourceTree = "<group>"; };
		BE0118E252274C93DCCAB53D /* Pods-TentBearTask-TentBearTaskUITests.debug.xcconfig */ = {isa = PBXFileReference; includeInIndex = 1; lastKnownFileType = text.xcconfig; name = "Pods-TentBearTask-TentBearTaskUITests.debug.xcconfig"; path = "Target Support Files/Pods-TentBearTask-TentBearTaskUITests/Pods-TentBearTask-TentBearTaskUITests.debug.xcconfig"; sourceTree = "<group>"; };
		D99F22AC8BC8CDA07C8D96E0 /* Pods-TentBearTask.debug.xcconfig */ = {isa = PBXFileReference; includeInIndex = 1; lastKnownFileType = text.xcconfig; name = "Pods-TentBearTask.debug.xcconfig"; path = "Target Support Files/Pods-TentBearTask/Pods-TentBearTask.debug.xcconfig"; sourceTree = "<group>"; };
		EB0D2B492EF305AC6DE5CD29 /* Pods_TentBearTaskTests.framework */ = {isa = PBXFileReference; explicitFileType = wrapper.framework; includeInIndex = 0; path = Pods_TentBearTaskTests.framework; sourceTree = BUILT_PRODUCTS_DIR; };
/* End PBXFileReference section */

/* Begin PBXFrameworksBuildPhase section */
		68DCB9A123C6D67300D348D9 /* Frameworks */ = {
			isa = PBXFrameworksBuildPhase;
			buildActionMask = 2147483647;
			files = (
				697A14CBFE0FC65580797DF1 /* Pods_TentBearTask.framework in Frameworks */,
			);
			runOnlyForDeploymentPostprocessing = 0;
		};
		68DCB9BA23C6D67300D348D9 /* Frameworks */ = {
			isa = PBXFrameworksBuildPhase;
			buildActionMask = 2147483647;
			files = (
				3EAD1BEA6334612372442DE8 /* Pods_TentBearTaskTests.framework in Frameworks */,
			);
			runOnlyForDeploymentPostprocessing = 0;
		};
		68DCB9C523C6D67300D348D9 /* Frameworks */ = {
			isa = PBXFrameworksBuildPhase;
			buildActionMask = 2147483647;
			files = (
				6F943ADB4980B41414DED473 /* Pods_TentBearTask_TentBearTaskUITests.framework in Frameworks */,
			);
			runOnlyForDeploymentPostprocessing = 0;
		};
/* End PBXFrameworksBuildPhase section */

/* Begin PBXGroup section */
		0F4E114CAEFA89E66F952F5C /* Pods */ = {
			isa = PBXGroup;
			children = (
				D99F22AC8BC8CDA07C8D96E0 /* Pods-TentBearTask.debug.xcconfig */,
				3CF5F55BDF33C358CCCC31C2 /* Pods-TentBearTask.release.xcconfig */,
				BE0118E252274C93DCCAB53D /* Pods-TentBearTask-TentBearTaskUITests.debug.xcconfig */,
				648BBFAAF360017E0D16D1EC /* Pods-TentBearTask-TentBearTaskUITests.release.xcconfig */,
				1BDCADF5B7D7953D4C96E119 /* Pods-TentBearTaskTests.debug.xcconfig */,
				B35E686B07DA821888B0D918 /* Pods-TentBearTaskTests.release.xcconfig */,
			);
			path = Pods;
			sourceTree = "<group>";
		};
		3652096832F0D13BA1295DA8 /* Frameworks */ = {
			isa = PBXGroup;
			children = (
				25D1EDBD14AB1683394D5E49 /* Pods_TentBearTask.framework */,
				59E26188907189A68CC32CA2 /* Pods_TentBearTask_TentBearTaskUITests.framework */,
				EB0D2B492EF305AC6DE5CD29 /* Pods_TentBearTaskTests.framework */,
			);
			name = Frameworks;
			sourceTree = "<group>";
		};
		68978A5323C9C489009FBE36 /* UserCustomCell */ = {
			isa = PBXGroup;
			children = (
				68978A5423C9C4B1009FBE36 /* TableViewCell.swift */,
			);
			path = UserCustomCell;
			sourceTree = "<group>";
		};
		68C50CF823C72337004C08FA /* HomeViewController */ = {
			isa = PBXGroup;
			children = (
				68978A5323C9C489009FBE36 /* UserCustomCell */,
				68DCB9E623C6DB0600D348D9 /* HomePresenter.swift */,
				68DCB9E723C6DB0600D348D9 /* HomeWorker.swift */,
				68DCB9E823C6DB0600D348D9 /* HomeRouter.swift */,
				68DCB9E923C6DB0600D348D9 /* HomeModels.swift */,
				68DCB9EA23C6DB0600D348D9 /* HomeViewController.swift */,
				68DCB9EB23C6DB0600D348D9 /* HomeInteractor.swift */,
			);
			path = HomeViewController;
			sourceTree = "<group>";
		};
		68C50CF923C7234C004C08FA /* DetailedViewController */ = {
			isa = PBXGroup;
			children = (
				68978A5123C9BD6B009FBE36 /* DetailsRouter.swift */,
				68C50CFA23C7236F004C08FA /* DetailsPresenter.swift */,
				68C50CFE23C7236F004C08FA /* DetailsViewController.swift */,
				68C50CFF23C7236F004C08FA /* DetailsInteractor.swift */,
			);
			path = DetailedViewController;
			sourceTree = "<group>";
		};
		68DCB99B23C6D67300D348D9 = {
			isa = PBXGroup;
			children = (
				68DCB9A623C6D67300D348D9 /* TentBearTask */,
				68DCB9C023C6D67300D348D9 /* TentBearTaskTests */,
				68DCB9CB23C6D67300D348D9 /* TentBearTaskUITests */,
				68DCB9A523C6D67300D348D9 /* Products */,
				0F4E114CAEFA89E66F952F5C /* Pods */,
				3652096832F0D13BA1295DA8 /* Frameworks */,
			);
			sourceTree = "<group>";
		};
		68DCB9A523C6D67300D348D9 /* Products */ = {
			isa = PBXGroup;
			children = (
				68DCB9A423C6D67300D348D9 /* TentBearTask.app */,
				68DCB9BD23C6D67300D348D9 /* TentBearTaskTests.xctest */,
				68DCB9C823C6D67300D348D9 /* TentBearTaskUITests.xctest */,
			);
			name = Products;
			sourceTree = "<group>";
		};
		68DCB9A623C6D67300D348D9 /* TentBearTask */ = {
			isa = PBXGroup;
			children = (
				68E1AD0023C7491800B17B28 /* CoreData */,
				68DCB9E523C6DA9900D348D9 /* 🌅Images */,
				68DCB9E423C6DA8C00D348D9 /* 📑Plist */,
				68DCB9E323C6DA7B00D348D9 /* 🔨Sences */,
				68DCB9E223C6DA6E00D348D9 /* 🖥Views */,
				68DCB9E123C6DA6300D348D9 /* ⌨️Delegate */,
				68DCB9DA23C6D9E900D348D9 /* NetWorkManger */,
				68DCB9A723C6D67300D348D9 /* AppDelegate.swift */,
				68DCB9A923C6D67300D348D9 /* SceneDelegate.swift */,
				68DCB9B323C6D67300D348D9 /* Assets.xcassets */,
				68DCB9B823C6D67300D348D9 /* Info.plist */,
				68DCB9B023C6D67300D348D9 /* TentBearTask.xcdatamodeld */,
			);
			path = TentBearTask;
			sourceTree = "<group>";
		};
		68DCB9C023C6D67300D348D9 /* TentBearTaskTests */ = {
			isa = PBXGroup;
			children = (
				68DCB9C123C6D67300D348D9 /* TentBearTaskTests.swift */,
				68DCB9C323C6D67300D348D9 /* Info.plist */,
			);
			path = TentBearTaskTests;
			sourceTree = "<group>";
		};
		68DCB9CB23C6D67300D348D9 /* TentBearTaskUITests */ = {
			isa = PBXGroup;
			children = (
				68DCB9CC23C6D67300D348D9 /* TentBearTaskUITests.swift */,
				68DCB9CE23C6D67300D348D9 /* Info.plist */,
			);
			path = TentBearTaskUITests;
			sourceTree = "<group>";
		};
		68DCB9DA23C6D9E900D348D9 /* NetWorkManger */ = {
			isa = PBXGroup;
			children = (
				68DCB9DB23C6D9E900D348D9 /* RequestUtilty.swift */,
				68DCB9DC23C6D9E900D348D9 /* RequestService.swift */,
				68DCB9DD23C6D9E900D348D9 /* APIClient.swift */,
			);
			path = NetWorkManger;
			sourceTree = "<group>";
		};
		68DCB9E123C6DA6300D348D9 /* ⌨️Delegate */ = {
			isa = PBXGroup;
			children = (
			);
			path = "⌨️Delegate";
			sourceTree = "<group>";
		};
		68DCB9E223C6DA6E00D348D9 /* 🖥Views */ = {
			isa = PBXGroup;
			children = (
				68DCB9B523C6D67300D348D9 /* LaunchScreen.storyboard */,
				68DCB9AD23C6D67300D348D9 /* Main.storyboard */,
			);
			path = "🖥Views";
			sourceTree = "<group>";
		};
		68DCB9E323C6DA7B00D348D9 /* 🔨Sences */ = {
			isa = PBXGroup;
			children = (
				68C50CF923C7234C004C08FA /* DetailedViewController */,
				68C50CF823C72337004C08FA /* HomeViewController */,
				68DCB9F223C6FB3200D348D9 /* Loader.swift */,
			);
			path = "🔨Sences";
			sourceTree = "<group>";
		};
		68DCB9E423C6DA8C00D348D9 /* 📑Plist */ = {
			isa = PBXGroup;
			children = (
			);
			path = "📑Plist";
			sourceTree = "<group>";
		};
		68DCB9E523C6DA9900D348D9 /* 🌅Images */ = {
			isa = PBXGroup;
			children = (
			);
			path = "🌅Images";
			sourceTree = "<group>";
		};
		68E1AD0023C7491800B17B28 /* CoreData */ = {
			isa = PBXGroup;
			children = (
				68E1AD0123C7491800B17B28 /* User+CoreDataProperties.swift */,
				68E1AD0223C7491800B17B28 /* User+CoreDataClass.swift */,
			);
			path = CoreData;
			sourceTree = "<group>";
		};
/* End PBXGroup section */

/* Begin PBXNativeTarget section */
		68DCB9A323C6D67300D348D9 /* TentBearTask */ = {
			isa = PBXNativeTarget;
			buildConfigurationList = 68DCB9D123C6D67300D348D9 /* Build configuration list for PBXNativeTarget "TentBearTask" */;
			buildPhases = (
				62E51DB78F3CD476A6AEBBC4 /* [CP] Check Pods Manifest.lock */,
				68DCB9A023C6D67300D348D9 /* Sources */,
				68DCB9A123C6D67300D348D9 /* Frameworks */,
				68DCB9A223C6D67300D348D9 /* Resources */,
				6382A9AD3F5F00AEAAB09E51 /* [CP] Embed Pods Frameworks */,
			);
			buildRules = (
			);
			dependencies = (
			);
			name = TentBearTask;
			productName = TentBearTask;
			productReference = 68DCB9A423C6D67300D348D9 /* TentBearTask.app */;
			productType = "com.apple.product-type.application";
		};
		68DCB9BC23C6D67300D348D9 /* TentBearTaskTests */ = {
			isa = PBXNativeTarget;
			buildConfigurationList = 68DCB9D423C6D67300D348D9 /* Build configuration list for PBXNativeTarget "TentBearTaskTests" */;
			buildPhases = (
				304EF0C76C720AF99C7B7B4E /* [CP] Check Pods Manifest.lock */,
				68DCB9B923C6D67300D348D9 /* Sources */,
				68DCB9BA23C6D67300D348D9 /* Frameworks */,
				68DCB9BB23C6D67300D348D9 /* Resources */,
			);
			buildRules = (
			);
			dependencies = (
				68DCB9BF23C6D67300D348D9 /* PBXTargetDependency */,
			);
			name = TentBearTaskTests;
			productName = TentBearTaskTests;
			productReference = 68DCB9BD23C6D67300D348D9 /* TentBearTaskTests.xctest */;
			productType = "com.apple.product-type.bundle.unit-test";
		};
		68DCB9C723C6D67300D348D9 /* TentBearTaskUITests */ = {
			isa = PBXNativeTarget;
			buildConfigurationList = 68DCB9D723C6D67300D348D9 /* Build configuration list for PBXNativeTarget "TentBearTaskUITests" */;
			buildPhases = (
				320FDD5A2FA35E857F77E4E9 /* [CP] Check Pods Manifest.lock */,
				68DCB9C423C6D67300D348D9 /* Sources */,
				68DCB9C523C6D67300D348D9 /* Frameworks */,
				68DCB9C623C6D67300D348D9 /* Resources */,
				FD00B3F1E48A70D840F1A25C /* [CP] Embed Pods Frameworks */,
			);
			buildRules = (
			);
			dependencies = (
				68DCB9CA23C6D67300D348D9 /* PBXTargetDependency */,
			);
			name = TentBearTaskUITests;
			productName = TentBearTaskUITests;
			productReference = 68DCB9C823C6D67300D348D9 /* TentBearTaskUITests.xctest */;
			productType = "com.apple.product-type.bundle.ui-testing";
		};
/* End PBXNativeTarget section */

/* Begin PBXProject section */
		68DCB99C23C6D67300D348D9 /* Project object */ = {
			isa = PBXProject;
			attributes = {
				LastSwiftUpdateCheck = 1130;
				LastUpgradeCheck = 1130;
				ORGANIZATIONNAME = Nermeen;
				TargetAttributes = {
					68DCB9A323C6D67300D348D9 = {
						CreatedOnToolsVersion = 11.3;
					};
					68DCB9BC23C6D67300D348D9 = {
						CreatedOnToolsVersion = 11.3;
						TestTargetID = 68DCB9A323C6D67300D348D9;
					};
					68DCB9C723C6D67300D348D9 = {
						CreatedOnToolsVersion = 11.3;
						TestTargetID = 68DCB9A323C6D67300D348D9;
					};
				};
			};
			buildConfigurationList = 68DCB99F23C6D67300D348D9 /* Build configuration list for PBXProject "TentBearTask" */;
			compatibilityVersion = "Xcode 9.3";
			developmentRegion = en;
			hasScannedForEncodings = 0;
			knownRegions = (
				en,
				Base,
			);
			mainGroup = 68DCB99B23C6D67300D348D9;
			productRefGroup = 68DCB9A523C6D67300D348D9 /* Products */;
			projectDirPath = "";
			projectRoot = "";
			targets = (
				68DCB9A323C6D67300D348D9 /* TentBearTask */,
				68DCB9BC23C6D67300D348D9 /* TentBearTaskTests */,
				68DCB9C723C6D67300D348D9 /* TentBearTaskUITests */,
			);
		};
/* End PBXProject section */

/* Begin PBXResourcesBuildPhase section */
		68DCB9A223C6D67300D348D9 /* Resources */ = {
			isa = PBXResourcesBuildPhase;
			buildActionMask = 2147483647;
			files = (
				68DCB9B723C6D67300D348D9 /* LaunchScreen.storyboard in Resources */,
				68DCB9B423C6D67300D348D9 /* Assets.xcassets in Resources */,
				68DCB9AF23C6D67300D348D9 /* Main.storyboard in Resources */,
			);
			runOnlyForDeploymentPostprocessing = 0;
		};
		68DCB9BB23C6D67300D348D9 /* Resources */ = {
			isa = PBXResourcesBuildPhase;
			buildActionMask = 2147483647;
			files = (
			);
			runOnlyForDeploymentPostprocessing = 0;
		};
		68DCB9C623C6D67300D348D9 /* Resources */ = {
			isa = PBXResourcesBuildPhase;
			buildActionMask = 2147483647;
			files = (
			);
			runOnlyForDeploymentPostprocessing = 0;
		};
/* End PBXResourcesBuildPhase section */

/* Begin PBXShellScriptBuildPhase section */
		304EF0C76C720AF99C7B7B4E /* [CP] Check Pods Manifest.lock */ = {
			isa = PBXShellScriptBuildPhase;
			buildActionMask = 2147483647;
			files = (
			);
			inputFileListPaths = (
			);
			inputPaths = (
				"${PODS_PODFILE_DIR_PATH}/Podfile.lock",
				"${PODS_ROOT}/Manifest.lock",
			);
			name = "[CP] Check Pods Manifest.lock";
			outputFileListPaths = (
			);
			outputPaths = (
				"$(DERIVED_FILE_DIR)/Pods-TentBearTaskTests-checkManifestLockResult.txt",
			);
			runOnlyForDeploymentPostprocessing = 0;
			shellPath = /bin/sh;
			shellScript = "diff \"${PODS_PODFILE_DIR_PATH}/Podfile.lock\" \"${PODS_ROOT}/Manifest.lock\" > /dev/null\nif [ $? != 0 ] ; then\n    # print error to STDERR\n    echo \"error: The sandbox is not in sync with the Podfile.lock. Run 'pod install' or update your CocoaPods installation.\" >&2\n    exit 1\nfi\n# This output is used by Xcode 'outputs' to avoid re-running this script phase.\necho \"SUCCESS\" > \"${SCRIPT_OUTPUT_FILE_0}\"\n";
			showEnvVarsInLog = 0;
		};
		320FDD5A2FA35E857F77E4E9 /* [CP] Check Pods Manifest.lock */ = {
			isa = PBXShellScriptBuildPhase;
			buildActionMask = 2147483647;
			files = (
			);
			inputFileListPaths = (
			);
			inputPaths = (
				"${PODS_PODFILE_DIR_PATH}/Podfile.lock",
				"${PODS_ROOT}/Manifest.lock",
			);
			name = "[CP] Check Pods Manifest.lock";
			outputFileListPaths = (
			);
			outputPaths = (
				"$(DERIVED_FILE_DIR)/Pods-TentBearTask-TentBearTaskUITests-checkManifestLockResult.txt",
			);
			runOnlyForDeploymentPostprocessing = 0;
			shellPath = /bin/sh;
			shellScript = "diff \"${PODS_PODFILE_DIR_PATH}/Podfile.lock\" \"${PODS_ROOT}/Manifest.lock\" > /dev/null\nif [ $? != 0 ] ; then\n    # print error to STDERR\n    echo \"error: The sandbox is not in sync with the Podfile.lock. Run 'pod install' or update your CocoaPods installation.\" >&2\n    exit 1\nfi\n# This output is used by Xcode 'outputs' to avoid re-running this script phase.\necho \"SUCCESS\" > \"${SCRIPT_OUTPUT_FILE_0}\"\n";
			showEnvVarsInLog = 0;
		};
		62E51DB78F3CD476A6AEBBC4 /* [CP] Check Pods Manifest.lock */ = {
			isa = PBXShellScriptBuildPhase;
			buildActionMask = 2147483647;
			files = (
			);
			inputFileListPaths = (
			);
			inputPaths = (
				"${PODS_PODFILE_DIR_PATH}/Podfile.lock",
				"${PODS_ROOT}/Manifest.lock",
			);
			name = "[CP] Check Pods Manifest.lock";
			outputFileListPaths = (
			);
			outputPaths = (
				"$(DERIVED_FILE_DIR)/Pods-TentBearTask-checkManifestLockResult.txt",
			);
			runOnlyForDeploymentPostprocessing = 0;
			shellPath = /bin/sh;
			shellScript = "diff \"${PODS_PODFILE_DIR_PATH}/Podfile.lock\" \"${PODS_ROOT}/Manifest.lock\" > /dev/null\nif [ $? != 0 ] ; then\n    # print error to STDERR\n    echo \"error: The sandbox is not in sync with the Podfile.lock. Run 'pod install' or update your CocoaPods installation.\" >&2\n    exit 1\nfi\n# This output is used by Xcode 'outputs' to avoid re-running this script phase.\necho \"SUCCESS\" > \"${SCRIPT_OUTPUT_FILE_0}\"\n";
			showEnvVarsInLog = 0;
		};
		6382A9AD3F5F00AEAAB09E51 /* [CP] Embed Pods Frameworks */ = {
			isa = PBXShellScriptBuildPhase;
			buildActionMask = 2147483647;
			files = (
			);
			inputFileListPaths = (
				"${PODS_ROOT}/Target Support Files/Pods-TentBearTask/Pods-TentBearTask-frameworks-${CONFIGURATION}-input-files.xcfilelist",
			);
			name = "[CP] Embed Pods Frameworks";
			outputFileListPaths = (
				"${PODS_ROOT}/Target Support Files/Pods-TentBearTask/Pods-TentBearTask-frameworks-${CONFIGURATION}-output-files.xcfilelist",
			);
			runOnlyForDeploymentPostprocessing = 0;
			shellPath = /bin/sh;
			shellScript = "\"${PODS_ROOT}/Target Support Files/Pods-TentBearTask/Pods-TentBearTask-frameworks.sh\"\n";
			showEnvVarsInLog = 0;
		};
		FD00B3F1E48A70D840F1A25C /* [CP] Embed Pods Frameworks */ = {
			isa = PBXShellScriptBuildPhase;
			buildActionMask = 2147483647;
			files = (
			);
			inputFileListPaths = (
				"${PODS_ROOT}/Target Support Files/Pods-TentBearTask-TentBearTaskUITests/Pods-TentBearTask-TentBearTaskUITests-frameworks-${CONFIGURATION}-input-files.xcfilelist",
			);
			name = "[CP] Embed Pods Frameworks";
			outputFileListPaths = (
				"${PODS_ROOT}/Target Support Files/Pods-TentBearTask-TentBearTaskUITests/Pods-TentBearTask-TentBearTaskUITests-frameworks-${CONFIGURATION}-output-files.xcfilelist",
			);
			runOnlyForDeploymentPostprocessing = 0;
			shellPath = /bin/sh;
			shellScript = "\"${PODS_ROOT}/Target Support Files/Pods-TentBearTask-TentBearTaskUITests/Pods-TentBearTask-TentBearTaskUITests-frameworks.sh\"\n";
			showEnvVarsInLog = 0;
		};
/* End PBXShellScriptBuildPhase section */

/* Begin PBXSourcesBuildPhase section */
		68DCB9A023C6D67300D348D9 /* Sources */ = {
			isa = PBXSourcesBuildPhase;
			buildActionMask = 2147483647;
			files = (
				68DCB9EC23C6DB0600D348D9 /* HomePresenter.swift in Sources */,
				68DCB9E023C6D9E900D348D9 /* APIClient.swift in Sources */,
				68DCB9DF23C6D9E900D348D9 /* RequestService.swift in Sources */,
				68C50D0023C7236F004C08FA /* DetailsPresenter.swift in Sources */,
				68C50D0523C7236F004C08FA /* DetailsInteractor.swift in Sources */,
				68978A5523C9C4B1009FBE36 /* TableViewCell.swift in Sources */,
				68DCB9F123C6DB0600D348D9 /* HomeInteractor.swift in Sources */,
				68DCB9B223C6D67300D348D9 /* TentBearTask.xcdatamodeld in Sources */,
				68DCB9A823C6D67300D348D9 /* AppDelegate.swift in Sources */,
				68DCB9DE23C6D9E900D348D9 /* RequestUtilty.swift in Sources */,
				68C50D0423C7236F004C08FA /* DetailsViewController.swift in Sources */,
				68DCB9EF23C6DB0600D348D9 /* HomeModels.swift in Sources */,
				68DCB9F023C6DB0600D348D9 /* HomeViewController.swift in Sources */,
				68DCB9F323C6FB3200D348D9 /* Loader.swift in Sources */,
				68DCB9ED23C6DB0600D348D9 /* HomeWorker.swift in Sources */,
				68978A5223C9BD6B009FBE36 /* DetailsRouter.swift in Sources */,
				68DCB9EE23C6DB0600D348D9 /* HomeRouter.swift in Sources */,
				68E1AD0323C7491800B17B28 /* User+CoreDataProperties.swift in Sources */,
				68DCB9AA23C6D67300D348D9 /* SceneDelegate.swift in Sources */,
				68E1AD0423C7491800B17B28 /* User+CoreDataClass.swift in Sources */,
			);
			runOnlyForDeploymentPostprocessing = 0;
		};
		68DCB9B923C6D67300D348D9 /* Sources */ = {
			isa = PBXSourcesBuildPhase;
			buildActionMask = 2147483647;
			files = (
				68DCB9C223C6D67300D348D9 /* TentBearTaskTests.swift in Sources */,
			);
			runOnlyForDeploymentPostprocessing = 0;
		};
		68DCB9C423C6D67300D348D9 /* Sources */ = {
			isa = PBXSourcesBuildPhase;
			buildActionMask = 2147483647;
			files = (
				68DCB9CD23C6D67300D348D9 /* TentBearTaskUITests.swift in Sources */,
			);
			runOnlyForDeploymentPostprocessing = 0;
		};
/* End PBXSourcesBuildPhase section */

/* Begin PBXTargetDependency section */
		68DCB9BF23C6D67300D348D9 /* PBXTargetDependency */ = {
			isa = PBXTargetDependency;
			target = 68DCB9A323C6D67300D348D9 /* TentBearTask */;
			targetProxy = 68DCB9BE23C6D67300D348D9 /* PBXContainerItemProxy */;
		};
		68DCB9CA23C6D67300D348D9 /* PBXTargetDependency */ = {
			isa = PBXTargetDependency;
			target = 68DCB9A323C6D67300D348D9 /* TentBearTask */;
			targetProxy = 68DCB9C923C6D67300D348D9 /* PBXContainerItemProxy */;
		};
/* End PBXTargetDependency section */

/* Begin PBXVariantGroup section */
		68DCB9AD23C6D67300D348D9 /* Main.storyboard */ = {
			isa = PBXVariantGroup;
			children = (
				68DCB9AE23C6D67300D348D9 /* Base */,
			);
			name = Main.storyboard;
			sourceTree = "<group>";
		};
		68DCB9B523C6D67300D348D9 /* LaunchScreen.storyboard */ = {
			isa = PBXVariantGroup;
			children = (
				68DCB9B623C6D67300D348D9 /* Base */,
			);
			name = LaunchScreen.storyboard;
			sourceTree = "<group>";
		};
/* End PBXVariantGroup section */

/* Begin XCBuildConfiguration section */
		68DCB9CF23C6D67300D348D9 /* Debug */ = {
			isa = XCBuildConfiguration;
			buildSettings = {
				ALWAYS_SEARCH_USER_PATHS = NO;
				CLANG_ANALYZER_NONNULL = YES;
				CLANG_ANALYZER_NUMBER_OBJECT_CONVERSION = YES_AGGRESSIVE;
				CLANG_CXX_LANGUAGE_STANDARD = "gnu++14";
				CLANG_CXX_LIBRARY = "libc++";
				CLANG_ENABLE_MODULES = YES;
				CLANG_ENABLE_OBJC_ARC = YES;
				CLANG_ENABLE_OBJC_WEAK = YES;
				CLANG_WARN_BLOCK_CAPTURE_AUTORELEASING = YES;
				CLANG_WARN_BOOL_CONVERSION = YES;
				CLANG_WARN_COMMA = YES;
				CLANG_WARN_CONSTANT_CONVERSION = YES;
				CLANG_WARN_DEPRECATED_OBJC_IMPLEMENTATIONS = YES;
				CLANG_WARN_DIRECT_OBJC_ISA_USAGE = YES_ERROR;
				CLANG_WARN_DOCUMENTATION_COMMENTS = YES;
				CLANG_WARN_EMPTY_BODY = YES;
				CLANG_WARN_ENUM_CONVERSION = YES;
				CLANG_WARN_INFINITE_RECURSION = YES;
				CLANG_WARN_INT_CONVERSION = YES;
				CLANG_WARN_NON_LITERAL_NULL_CONVERSION = YES;
				CLANG_WARN_OBJC_IMPLICIT_RETAIN_SELF = YES;
				CLANG_WARN_OBJC_LITERAL_CONVERSION = YES;
				CLANG_WARN_OBJC_ROOT_CLASS = YES_ERROR;
				CLANG_WARN_RANGE_LOOP_ANALYSIS = YES;
				CLANG_WARN_STRICT_PROTOTYPES = YES;
				CLANG_WARN_SUSPICIOUS_MOVE = YES;
				CLANG_WARN_UNGUARDED_AVAILABILITY = YES_AGGRESSIVE;
				CLANG_WARN_UNREACHABLE_CODE = YES;
				CLANG_WARN__DUPLICATE_METHOD_MATCH = YES;
				COPY_PHASE_STRIP = NO;
				DEBUG_INFORMATION_FORMAT = dwarf;
				ENABLE_STRICT_OBJC_MSGSEND = YES;
				ENABLE_TESTABILITY = YES;
				GCC_C_LANGUAGE_STANDARD = gnu11;
				GCC_DYNAMIC_NO_PIC = NO;
				GCC_NO_COMMON_BLOCKS = YES;
				GCC_OPTIMIZATION_LEVEL = 0;
				GCC_PREPROCESSOR_DEFINITIONS = (
					"DEBUG=1",
					"$(inherited)",
				);
				GCC_WARN_64_TO_32_BIT_CONVERSION = YES;
				GCC_WARN_ABOUT_RETURN_TYPE = YES_ERROR;
				GCC_WARN_UNDECLARED_SELECTOR = YES;
				GCC_WARN_UNINITIALIZED_AUTOS = YES_AGGRESSIVE;
				GCC_WARN_UNUSED_FUNCTION = YES;
				GCC_WARN_UNUSED_VARIABLE = YES;
				IPHONEOS_DEPLOYMENT_TARGET = 13.2;
				MTL_ENABLE_DEBUG_INFO = INCLUDE_SOURCE;
				MTL_FAST_MATH = YES;
				ONLY_ACTIVE_ARCH = YES;
				SDKROOT = iphoneos;
				SWIFT_ACTIVE_COMPILATION_CONDITIONS = DEBUG;
				SWIFT_OPTIMIZATION_LEVEL = "-Onone";
				SWIFT_VERSION = 5.0;
			};
			name = Debug;
		};
		68DCB9D023C6D67300D348D9 /* Release */ = {
			isa = XCBuildConfiguration;
			buildSettings = {
				ALWAYS_SEARCH_USER_PATHS = NO;
				CLANG_ANALYZER_NONNULL = YES;
				CLANG_ANALYZER_NUMBER_OBJECT_CONVERSION = YES_AGGRESSIVE;
				CLANG_CXX_LANGUAGE_STANDARD = "gnu++14";
				CLANG_CXX_LIBRARY = "libc++";
				CLANG_ENABLE_MODULES = YES;
				CLANG_ENABLE_OBJC_ARC = YES;
				CLANG_ENABLE_OBJC_WEAK = YES;
				CLANG_WARN_BLOCK_CAPTURE_AUTORELEASING = YES;
				CLANG_WARN_BOOL_CONVERSION = YES;
				CLANG_WARN_COMMA = YES;
				CLANG_WARN_CONSTANT_CONVERSION = YES;
				CLANG_WARN_DEPRECATED_OBJC_IMPLEMENTATIONS = YES;
				CLANG_WARN_DIRECT_OBJC_ISA_USAGE = YES_ERROR;
				CLANG_WARN_DOCUMENTATION_COMMENTS = YES;
				CLANG_WARN_EMPTY_BODY = YES;
				CLANG_WARN_ENUM_CONVERSION = YES;
				CLANG_WARN_INFINITE_RECURSION = YES;
				CLANG_WARN_INT_CONVERSION = YES;
				CLANG_WARN_NON_LITERAL_NULL_CONVERSION = YES;
				CLANG_WARN_OBJC_IMPLICIT_RETAIN_SELF = YES;
				CLANG_WARN_OBJC_LITERAL_CONVERSION = YES;
				CLANG_WARN_OBJC_ROOT_CLASS = YES_ERROR;
				CLANG_WARN_RANGE_LOOP_ANALYSIS = YES;
				CLANG_WARN_STRICT_PROTOTYPES = YES;
				CLANG_WARN_SUSPICIOUS_MOVE = YES;
				CLANG_WARN_UNGUARDED_AVAILABILITY = YES_AGGRESSIVE;
				CLANG_WARN_UNREACHABLE_CODE = YES;
				CLANG_WARN__DUPLICATE_METHOD_MATCH = YES;
				COPY_PHASE_STRIP = NO;
				DEBUG_INFORMATION_FORMAT = "dwarf-with-dsym";
				ENABLE_NS_ASSERTIONS = NO;
				ENABLE_STRICT_OBJC_MSGSEND = YES;
				GCC_C_LANGUAGE_STANDARD = gnu11;
				GCC_NO_COMMON_BLOCKS = YES;
				GCC_WARN_64_TO_32_BIT_CONVERSION = YES;
				GCC_WARN_ABOUT_RETURN_TYPE = YES_ERROR;
				GCC_WARN_UNDECLARED_SELECTOR = YES;
				GCC_WARN_UNINITIALIZED_AUTOS = YES_AGGRESSIVE;
				GCC_WARN_UNUSED_FUNCTION = YES;
				GCC_WARN_UNUSED_VARIABLE = YES;
				IPHONEOS_DEPLOYMENT_TARGET = 13.2;
				MTL_ENABLE_DEBUG_INFO = NO;
				MTL_FAST_MATH = YES;
				SDKROOT = iphoneos;
				SWIFT_COMPILATION_MODE = wholemodule;
				SWIFT_OPTIMIZATION_LEVEL = "-O";
				SWIFT_VERSION = 5.0;
				VALIDATE_PRODUCT = YES;
			};
			name = Release;
		};
		68DCB9D223C6D67300D348D9 /* Debug */ = {
			isa = XCBuildConfiguration;
			baseConfigurationReference = D99F22AC8BC8CDA07C8D96E0 /* Pods-TentBearTask.debug.xcconfig */;
			buildSettings = {
				ASSETCATALOG_COMPILER_APPICON_NAME = AppIcon;
				CODE_SIGN_STYLE = Automatic;
				DEVELOPMENT_TEAM = 2KDEH69VUR;
				INFOPLIST_FILE = TentBearTask/Info.plist;
				LD_RUNPATH_SEARCH_PATHS = (
					"$(inherited)",
					"@executable_path/Frameworks",
				);
				PRODUCT_BUNDLE_IDENTIFIER = Tomoum.eg.TentBearTask;
				PRODUCT_NAME = "$(TARGET_NAME)";
				SWIFT_VERSION = 5.0;
				TARGETED_DEVICE_FAMILY = "1,2";
			};
			name = Debug;
		};
		68DCB9D323C6D67300D348D9 /* Release */ = {
			isa = XCBuildConfiguration;
			baseConfigurationReference = 3CF5F55BDF33C358CCCC31C2 /* Pods-TentBearTask.release.xcconfig */;
			buildSettings = {
				ASSETCATALOG_COMPILER_APPICON_NAME = AppIcon;
				CODE_SIGN_STYLE = Automatic;
				DEVELOPMENT_TEAM = 2KDEH69VUR;
				INFOPLIST_FILE = TentBearTask/Info.plist;
				LD_RUNPATH_SEARCH_PATHS = (
					"$(inherited)",
					"@executable_path/Frameworks",
				);
				PRODUCT_BUNDLE_IDENTIFIER = Tomoum.eg.TentBearTask;
				PRODUCT_NAME = "$(TARGET_NAME)";
				SWIFT_VERSION = 5.0;
				TARGETED_DEVICE_FAMILY = "1,2";
			};
			name = Release;
		};
		68DCB9D523C6D67300D348D9 /* Debug */ = {
			isa = XCBuildConfiguration;
			baseConfigurationReference = 1BDCADF5B7D7953D4C96E119 /* Pods-TentBearTaskTests.debug.xcconfig */;
			buildSettings = {
				ALWAYS_EMBED_SWIFT_STANDARD_LIBRARIES = YES;
				BUNDLE_LOADER = "$(TEST_HOST)";
				CODE_SIGN_STYLE = Automatic;
				DEVELOPMENT_TEAM = 2KDEH69VUR;
				INFOPLIST_FILE = TentBearTaskTests/Info.plist;
				IPHONEOS_DEPLOYMENT_TARGET = 13.2;
				LD_RUNPATH_SEARCH_PATHS = (
					"$(inherited)",
					"@executable_path/Frameworks",
					"@loader_path/Frameworks",
				);
				PRODUCT_BUNDLE_IDENTIFIER = Tomoum.eg.TentBearTaskTests;
				PRODUCT_NAME = "$(TARGET_NAME)";
				SWIFT_VERSION = 5.0;
				TARGETED_DEVICE_FAMILY = "1,2";
				TEST_HOST = "$(BUILT_PRODUCTS_DIR)/TentBearTask.app/TentBearTask";
			};
			name = Debug;
		};
		68DCB9D623C6D67300D348D9 /* Release */ = {
			isa = XCBuildConfiguration;
			baseConfigurationReference = B35E686B07DA821888B0D918 /* Pods-TentBearTaskTests.release.xcconfig */;
			buildSettings = {
				ALWAYS_EMBED_SWIFT_STANDARD_LIBRARIES = YES;
				BUNDLE_LOADER = "$(TEST_HOST)";
				CODE_SIGN_STYLE = Automatic;
				DEVELOPMENT_TEAM = 2KDEH69VUR;
				INFOPLIST_FILE = TentBearTaskTests/Info.plist;
				IPHONEOS_DEPLOYMENT_TARGET = 13.2;
				LD_RUNPATH_SEARCH_PATHS = (
					"$(inherited)",
					"@executable_path/Frameworks",
					"@loader_path/Frameworks",
				);
				PRODUCT_BUNDLE_IDENTIFIER = Tomoum.eg.TentBearTaskTests;
				PRODUCT_NAME = "$(TARGET_NAME)";
				SWIFT_VERSION = 5.0;
				TARGETED_DEVICE_FAMILY = "1,2";
				TEST_HOST = "$(BUILT_PRODUCTS_DIR)/TentBearTask.app/TentBearTask";
			};
			name = Release;
		};
		68DCB9D823C6D67300D348D9 /* Debug */ = {
			isa = XCBuildConfiguration;
			baseConfigurationReference = BE0118E252274C93DCCAB53D /* Pods-TentBearTask-TentBearTaskUITests.debug.xcconfig */;
			buildSettings = {
				ALWAYS_EMBED_SWIFT_STANDARD_LIBRARIES = YES;
				CODE_SIGN_STYLE = Automatic;
				DEVELOPMENT_TEAM = 2KDEH69VUR;
				INFOPLIST_FILE = TentBearTaskUITests/Info.plist;
				LD_RUNPATH_SEARCH_PATHS = (
					"$(inherited)",
					"@executable_path/Frameworks",
					"@loader_path/Frameworks",
				);
				PRODUCT_BUNDLE_IDENTIFIER = Tomoum.eg.TentBearTaskUITests;
				PRODUCT_NAME = "$(TARGET_NAME)";
				SWIFT_VERSION = 5.0;
				TARGETED_DEVICE_FAMILY = "1,2";
				TEST_TARGET_NAME = TentBearTask;
			};
			name = Debug;
		};
		68DCB9D923C6D67300D348D9 /* Release */ = {
			isa = XCBuildConfiguration;
			baseConfigurationReference = 648BBFAAF360017E0D16D1EC /* Pods-TentBearTask-TentBearTaskUITests.release.xcconfig */;
			buildSettings = {
				ALWAYS_EMBED_SWIFT_STANDARD_LIBRARIES = YES;
				CODE_SIGN_STYLE = Automatic;
				DEVELOPMENT_TEAM = 2KDEH69VUR;
				INFOPLIST_FILE = TentBearTaskUITests/Info.plist;
				LD_RUNPATH_SEARCH_PATHS = (
					"$(inherited)",
					"@executable_path/Frameworks",
					"@loader_path/Frameworks",
				);
				PRODUCT_BUNDLE_IDENTIFIER = Tomoum.eg.TentBearTaskUITests;
				PRODUCT_NAME = "$(TARGET_NAME)";
				SWIFT_VERSION = 5.0;
				TARGETED_DEVICE_FAMILY = "1,2";
				TEST_TARGET_NAME = TentBearTask;
			};
			name = Release;
		};
/* End XCBuildConfiguration section */

/* Begin XCConfigurationList section */
		68DCB99F23C6D67300D348D9 /* Build configuration list for PBXProject "TentBearTask" */ = {
			isa = XCConfigurationList;
			buildConfigurations = (
				68DCB9CF23C6D67300D348D9 /* Debug */,
				68DCB9D023C6D67300D348D9 /* Release */,
			);
			defaultConfigurationIsVisible = 0;
			defaultConfigurationName = Release;
		};
		68DCB9D123C6D67300D348D9 /* Build configuration list for PBXNativeTarget "TentBearTask" */ = {
			isa = XCConfigurationList;
			buildConfigurations = (
				68DCB9D223C6D67300D348D9 /* Debug */,
				68DCB9D323C6D67300D348D9 /* Release */,
			);
			defaultConfigurationIsVisible = 0;
			defaultConfigurationName = Release;
		};
		68DCB9D423C6D67300D348D9 /* Build configuration list for PBXNativeTarget "TentBearTaskTests" */ = {
			isa = XCConfigurationList;
			buildConfigurations = (
				68DCB9D523C6D67300D348D9 /* Debug */,
				68DCB9D623C6D67300D348D9 /* Release */,
			);
			defaultConfigurationIsVisible = 0;
			defaultConfigurationName = Release;
		};
		68DCB9D723C6D67300D348D9 /* Build configuration list for PBXNativeTarget "TentBearTaskUITests" */ = {
			isa = XCConfigurationList;
			buildConfigurations = (
				68DCB9D823C6D67300D348D9 /* Debug */,
				68DCB9D923C6D67300D348D9 /* Release */,
			);
			defaultConfigurationIsVisible = 0;
			defaultConfigurationName = Release;
		};
/* End XCConfigurationList section */

/* Begin XCVersionGroup section */
		68DCB9B023C6D67300D348D9 /* TentBearTask.xcdatamodeld */ = {
			isa = XCVersionGroup;
			children = (
				68DCB9B123C6D67300D348D9 /* TentBearTask.xcdatamodel */,
			);
			currentVersion = 68DCB9B123C6D67300D348D9 /* TentBearTask.xcdatamodel */;
			path = TentBearTask.xcdatamodeld;
			sourceTree = "<group>";
			versionGroupType = wrapper.xcdatamodel;
		};
/* End XCVersionGroup section */
	};
	rootObject = 68DCB99C23C6D67300D348D9 /* Project object */;
}
